{
  "originHash" : "ccec2536836e59b598879fc11939ee449912ef576887d85e880b90d8317d965e",
  "pins" : [
    {
      "identity" : "antmessageprotocol",
      "kind" : "remoteSourceControl",
      "location" : "https://github.com/FitnessKit/AntMessageProtocol",
      "state" : {
        "revision" : "f0350ce0eea3057af8a34b85c0fda25c2052b094",
        "version" : "1.1.1"
      }
    },
    {
      "identity" : "datadecoder",
      "kind" : "remoteSourceControl",
      "location" : "https://github.com/FitnessKit/DataDecoder",
      "state" : {
        "revision" : "8ca8aefc505833d3ca67e6070169472a7103594e",
        "version" : "5.0.0"
      }
    },
    {
      "identity" : "fitdataprotocol",
      "kind" : "remoteSourceControl",
      "location" : "https://github.com/FitnessKit/FitDataProtocol",
      "state" : {
        "revision" : "b93ef5ea736d32ec0ab16d4eea5b09972887cd8e",
        "version" : "2.1.6"
      }
    },
    {
      "identity" : "fitnessunits",
      "kind" : "remoteSourceControl",
      "location" : "https://github.com/FitnessKit/FitnessUnits",
      "state" : {
        "revision" : "12af59a7025decf46b7e0a4bb7b1eb480b1c9e5c",
        "version" : "3.1.0"
      }
    }
  ],
  "version" : 3
}
